
Microsoft Visual Studio Solution File, Format Version 12.00
# Visual Studio Version 17
VisualStudioVersion = 17.1.32210.238
MinimumVisualStudioVersion = 10.0.40219.1
Project("{FAE04EC0-301F-11D3-BF4B-00C04F79EFBC}") = "Core_Proje", "Core_Proje\Core_Proje.csproj", "{EAC4E996-DDA5-4BC6-A3BC-967AC0BAD0C7}"
EndProject
Project("{FAE04EC0-301F-11D3-BF4B-00C04F79EFBC}") = "BusinessLayer", "BusinessLayer\BusinessLayer.csproj", "{1BBAC23E-407B-49C7-A530-35542BC3F815}"
EndProject
Project("{FAE04EC0-301F-11D3-BF4B-00C04F79EFBC}") = "DataAccessLayer", "DataAccessLayer\DataAccessLayer.csproj", "{F761A299-B7F7-4833-9DA8-26376822F848}"
EndProject
Project("{FAE04EC0-301F-11D3-BF4B-00C04F79EFBC}") = "EntityLayer", "EntityLayer\EntityLayer.csproj", "{2ED6ADE2-D12B-4420-829C-17664CDF3CA3}"
EndProject
Global
	GlobalSection(SolutionConfigurationPlatforms) = preSolution
		Debug|Any CPU = Debug|Any CPU
		Release|Any CPU = Release|Any CPU
	EndGlobalSection
	GlobalSection(ProjectConfigurationPlatforms) = postSolution
		{EAC4E996-DDA5-4BC6-A3BC-967AC0BAD0C7}.Debug|Any CPU.ActiveCfg = Debug|Any CPU
		{EAC4E996-DDA5-4BC6-A3BC-967AC0BAD0C7}.Debug|Any CPU.Build.0 = Debug|Any CPU
		{EAC4E996-DDA5-4BC6-A3BC-967AC0BAD0C7}.Release|Any CPU.ActiveCfg = Release|Any CPU
		{EAC4E996-DDA5-4BC6-A3BC-967AC0BAD0C7}.Release|Any CPU.Build.0 = Release|Any CPU
		{1BBAC23E-407B-49C7-A530-35542BC3F815}.Debug|Any CPU.ActiveCfg = Debug|Any CPU
		{1BBAC23E-407B-49C7-A530-35542BC3F815}.Debug|Any CPU.Build.0 = Debug|Any CPU
		{1BBAC23E-407B-49C7-A530-35542BC3F815}.Release|Any CPU.ActiveCfg = Release|Any CPU
		{1BBAC23E-407B-49C7-A530-35542BC3F815}.Release|Any CPU.Build.0 = Release|Any CPU
		{F761A299-B7F7-4833-9DA8-26376822F848}.Debug|Any CPU.ActiveCfg = Debug|Any CPU
		{F761A299-B7F7-4833-9DA8-26376822F848}.Debug|Any CPU.Build.0 = Debug|Any CPU
		{F761A299-B7F7-4833-9DA8-26376822F848}.Release|Any CPU.ActiveCfg = Release|Any CPU
		{F761A299-B7F7-4833-9DA8-26376822F848}.Release|Any CPU.Build.0 = Release|Any CPU
		{2ED6ADE2-D12B-4420-829C-17664CDF3CA3}.Debug|Any CPU.ActiveCfg = Debug|Any CPU
		{2ED6ADE2-D12B-4420-829C-17664CDF3CA3}.Debug|Any CPU.Build.0 = Debug|Any CPU
		{2ED6ADE2-D12B-4420-829C-17664CDF3CA3}.Release|Any CPU.ActiveCfg = Release|Any CPU
		{2ED6ADE2-D12B-4420-829C-17664CDF3CA3}.Release|Any CPU.Build.0 = Release|Any CPU
	EndGlobalSection
	GlobalSection(SolutionProperties) = preSolution
		HideSolutionNode = FALSE
	EndGlobalSection
	GlobalSection(ExtensibilityGlobals) = postSolution
		SolutionGuid = {07F537B2-8D3D-4D6B-8A36-B0917433BC75}
	EndGlobalSection
EndGlobal
